
Microsoft Visual Studio Solution File, Format Version 12.00
# Visual Studio Version 17
VisualStudioVersion = 17.3.32901.215
MinimumVisualStudioVersion = 10.0.40219.1
Project("{FAE04EC0-301F-11D3-BF4B-00C04F79EFBC}") = "LineComparison", "LineComparison\LineComparison.csproj", "{3B8100E9-822B-45B1-9813-D6060C4D418A}"
EndProject
Global
	GlobalSection(SolutionConfigurationPlatforms) = preSolution
		Debug|Any CPU = Debug|Any CPU
		Release|Any CPU = Release|Any CPU
	EndGlobalSection
	GlobalSection(ProjectConfigurationPlatforms) = postSolution
		{3B8100E9-822B-45B1-9813-D6060C4D418A}.Debug|Any CPU.ActiveCfg = Debug|Any CPU
		{3B8100E9-822B-45B1-9813-D6060C4D418A}.Debug|Any CPU.Build.0 = Debug|Any CPU
		{3B8100E9-822B-45B1-9813-D6060C4D418A}.Release|Any CPU.ActiveCfg = Release|Any CPU
		{3B8100E9-822B-45B1-9813-D6060C4D418A}.Release|Any CPU.Build.0 = Release|Any CPU
	EndGlobalSection
	GlobalSection(SolutionProperties) = preSolution
		HideSolutionNode = FALSE
	EndGlobalSection
	GlobalSection(ExtensibilityGlobals) = postSolution
		SolutionGuid = {F57B174E-7D19-4634-ABC9-D840817DFF7B}
	EndGlobalSection
EndGlobal
